
Microsoft Visual Studio Solution File, Format Version 12.00
# Visual Studio Version 16
VisualStudioVersion = 16.0.31624.102
MinimumVisualStudioVersion = 10.0.40219.1
Project("{FAE04EC0-301F-11D3-BF4B-00C04F79EFBC}") = "workoutPlanner.UWP", "workoutPlanner\workoutPlanner.UWP\workoutPlanner.UWP.csproj", "{B49B2DB8-2BCF-4598-BD74-7AD087600B69}"
EndProject
Project("{FAE04EC0-301F-11D3-BF4B-00C04F79EFBC}") = "workoutPlanner.Android", "workoutPlanner\workoutPlanner.Android\workoutPlanner.Android.csproj", "{21DAC305-C3BF-4825-8B40-C2630A0BCDA4}"
EndProject
Project("{FAE04EC0-301F-11D3-BF4B-00C04F79EFBC}") = "workoutPlanner.iOS", "workoutPlanner\workoutPlanner.iOS\workoutPlanner.iOS.csproj", "{47FD55DD-99FD-4E82-942C-7FCE7A8C33A9}"
EndProject
Project("{FAE04EC0-301F-11D3-BF4B-00C04F79EFBC}") = "workoutPlanner", "workoutPlanner\workoutPlanner\workoutPlanner.csproj", "{7F0F554C-D328-4C39-BD5D-2C387FE2DEEE}"
EndProject
Global
	GlobalSection(SolutionConfigurationPlatforms) = preSolution
		Debug|Any CPU = Debug|Any CPU
		Debug|ARM = Debug|ARM
		Debug|iPhone = Debug|iPhone
		Debug|iPhoneSimulator = Debug|iPhoneSimulator
		Debug|x64 = Debug|x64
		Debug|x86 = Debug|x86
		Release|Any CPU = Release|Any CPU
		Release|ARM = Release|ARM
		Release|iPhone = Release|iPhone
		Release|iPhoneSimulator = Release|iPhoneSimulator
		Release|x64 = Release|x64
		Release|x86 = Release|x86
	EndGlobalSection
	GlobalSection(ProjectConfigurationPlatforms) = postSolution
		{B49B2DB8-2BCF-4598-BD74-7AD087600B69}.Debug|Any CPU.ActiveCfg = Debug|x86
		{B49B2DB8-2BCF-4598-BD74-7AD087600B69}.Debug|Any CPU.Build.0 = Debug|x86
		{B49B2DB8-2BCF-4598-BD74-7AD087600B69}.Debug|Any CPU.Deploy.0 = Debug|x86
		{B49B2DB8-2BCF-4598-BD74-7AD087600B69}.Debug|ARM.ActiveCfg = Debug|ARM
		{B49B2DB8-2BCF-4598-BD74-7AD087600B69}.Debug|ARM.Build.0 = Debug|ARM
		{B49B2DB8-2BCF-4598-BD74-7AD087600B69}.Debug|ARM.Deploy.0 = Debug|ARM
		{B49B2DB8-2BCF-4598-BD74-7AD087600B69}.Debug|iPhone.ActiveCfg = Debug|x86
		{B49B2DB8-2BCF-4598-BD74-7AD087600B69}.Debug|iPhone.Build.0 = Debug|x86
		{B49B2DB8-2BCF-4598-BD74-7AD087600B69}.Debug|iPhone.Deploy.0 = Debug|x86
		{B49B2DB8-2BCF-4598-BD74-7AD087600B69}.Debug|iPhoneSimulator.ActiveCfg = Debug|x86
		{B49B2DB8-2BCF-4598-BD74-7AD087600B69}.Debug|iPhoneSimulator.Build.0 = Debug|x86
		{B49B2DB8-2BCF-4598-BD74-7AD087600B69}.Debug|iPhoneSimulator.Deploy.0 = Debug|x86
		{B49B2DB8-2BCF-4598-BD74-7AD087600B69}.Debug|x64.ActiveCfg = Debug|x64
		{B49B2DB8-2BCF-4598-BD74-7AD087600B69}.Debug|x64.Build.0 = Debug|x64
		{B49B2DB8-2BCF-4598-BD74-7AD087600B69}.Debug|x64.Deploy.0 = Debug|x64
		{B49B2DB8-2BCF-4598-BD74-7AD087600B69}.Debug|x86.ActiveCfg = Debug|x86
		{B49B2DB8-2BCF-4598-BD74-7AD087600B69}.Debug|x86.Build.0 = Debug|x86
		{B49B2DB8-2BCF-4598-BD74-7AD087600B69}.Debug|x86.Deploy.0 = Debug|x86
		{B49B2DB8-2BCF-4598-BD74-7AD087600B69}.Release|Any CPU.ActiveCfg = Release|x86
		{B49B2DB8-2BCF-4598-BD74-7AD087600B69}.Release|Any CPU.Build.0 = Release|x86
		{B49B2DB8-2BCF-4598-BD74-7AD087600B69}.Release|Any CPU.Deploy.0 = Release|x86
		{B49B2DB8-2BCF-4598-BD74-7AD087600B69}.Release|ARM.ActiveCfg = Release|ARM
		{B49B2DB8-2BCF-4598-BD74-7AD087600B69}.Release|ARM.Build.0 = Release|ARM
		{B49B2DB8-2BCF-4598-BD74-7AD087600B69}.Release|ARM.Deploy.0 = Release|ARM
		{B49B2DB8-2BCF-4598-BD74-7AD087600B69}.Release|iPhone.ActiveCfg = Release|x86
		{B49B2DB8-2BCF-4598-BD74-7AD087600B69}.Release|iPhone.Build.0 = Release|x86
		{B49B2DB8-2BCF-4598-BD74-7AD087600B69}.Release|iPhone.Deploy.0 = Release|x86
		{B49B2DB8-2BCF-4598-BD74-7AD087600B69}.Release|iPhoneSimulator.ActiveCfg = Release|x86
		{B49B2DB8-2BCF-4598-BD74-7AD087600B69}.Release|iPhoneSimulator.Build.0 = Release|x86
		{B49B2DB8-2BCF-4598-BD74-7AD087600B69}.Release|iPhoneSimulator.Deploy.0 = Release|x86
		{B49B2DB8-2BCF-4598-BD74-7AD087600B69}.Release|x64.ActiveCfg = Release|x64
		{B49B2DB8-2BCF-4598-BD74-7AD087600B69}.Release|x64.Build.0 = Release|x64
		{B49B2DB8-2BCF-4598-BD74-7AD087600B69}.Release|x64.Deploy.0 = Release|x64
		{B49B2DB8-2BCF-4598-BD74-7AD087600B69}.Release|x86.ActiveCfg = Release|x86
		{B49B2DB8-2BCF-4598-BD74-7AD087600B69}.Release|x86.Build.0 = Release|x86
		{B49B2DB8-2BCF-4598-BD74-7AD087600B69}.Release|x86.Deploy.0 = Release|x86
		{21DAC305-C3BF-4825-8B40-C2630A0BCDA4}.Debug|Any CPU.ActiveCfg = Debug|Any CPU
		{21DAC305-C3BF-4825-8B40-C2630A0BCDA4}.Debug|Any CPU.Build.0 = Debug|Any CPU
		{21DAC305-C3BF-4825-8B40-C2630A0BCDA4}.Debug|Any CPU.Deploy.0 = Debug|Any CPU
		{21DAC305-C3BF-4825-8B40-C2630A0BCDA4}.Debug|ARM.ActiveCfg = Debug|Any CPU
		{21DAC305-C3BF-4825-8B40-C2630A0BCDA4}.Debug|ARM.Build.0 = Debug|Any CPU
		{21DAC305-C3BF-4825-8B40-C2630A0BCDA4}.Debug|ARM.Deploy.0 = Debug|Any CPU
		{21DAC305-C3BF-4825-8B40-C2630A0BCDA4}.Debug|iPhone.ActiveCfg = Debug|Any CPU
		{21DAC305-C3BF-4825-8B40-C2630A0BCDA4}.Debug|iPhone.Build.0 = Debug|Any CPU
		{21DAC305-C3BF-4825-8B40-C2630A0BCDA4}.Debug|iPhone.Deploy.0 = Debug|Any CPU
		{21DAC305-C3BF-4825-8B40-C2630A0BCDA4}.Debug|iPhoneSimulator.ActiveCfg = Debug|Any CPU
		{21DAC305-C3BF-4825-8B40-C2630A0BCDA4}.Debug|iPhoneSimulator.Build.0 = Debug|Any CPU
		{21DAC305-C3BF-4825-8B40-C2630A0BCDA4}.Debug|iPhoneSimulator.Deploy.0 = Debug|Any CPU
		{21DAC305-C3BF-4825-8B40-C2630A0BCDA4}.Debug|x64.ActiveCfg = Debug|Any CPU
		{21DAC305-C3BF-4825-8B40-C2630A0BCDA4}.Debug|x64.Build.0 = Debug|Any CPU
		{21DAC305-C3BF-4825-8B40-C2630A0BCDA4}.Debug|x64.Deploy.0 = Debug|Any CPU
		{21DAC305-C3BF-4825-8B40-C2630A0BCDA4}.Debug|x86.ActiveCfg = Debug|Any CPU
		{21DAC305-C3BF-4825-8B40-C2630A0BCDA4}.Debug|x86.Build.0 = Debug|Any CPU
		{21DAC305-C3BF-4825-8B40-C2630A0BCDA4}.Debug|x86.Deploy.0 = Debug|Any CPU
		{21DAC305-C3BF-4825-8B40-C2630A0BCDA4}.Release|Any CPU.ActiveCfg = Release|Any CPU
		{21DAC305-C3BF-4825-8B40-C2630A0BCDA4}.Release|Any CPU.Build.0 = Release|Any CPU
		{21DAC305-C3BF-4825-8B40-C2630A0BCDA4}.Release|Any CPU.Deploy.0 = Release|Any CPU
		{21DAC305-C3BF-4825-8B40-C2630A0BCDA4}.Release|ARM.ActiveCfg = Release|Any CPU
		{21DAC305-C3BF-4825-8B40-C2630A0BCDA4}.Release|ARM.Build.0 = Release|Any CPU
		{21DAC305-C3BF-4825-8B40-C2630A0BCDA4}.Release|ARM.Deploy.0 = Release|Any CPU
		{21DAC305-C3BF-4825-8B40-C2630A0BCDA4}.Release|iPhone.ActiveCfg = Release|Any CPU
		{21DAC305-C3BF-4825-8B40-C2630A0BCDA4}.Release|iPhone.Build.0 = Release|Any CPU
		{21DAC305-C3BF-4825-8B40-C2630A0BCDA4}.Release|iPhone.Deploy.0 = Release|Any CPU
		{21DAC305-C3BF-4825-8B40-C2630A0BCDA4}.Release|iPhoneSimulator.ActiveCfg = Release|Any CPU
		{21DAC305-C3BF-4825-8B40-C2630A0BCDA4}.Release|iPhoneSimulator.Build.0 = Release|Any CPU
		{21DAC305-C3BF-4825-8B40-C2630A0BCDA4}.Release|iPhoneSimulator.Deploy.0 = Release|Any CPU
		{21DAC305-C3BF-4825-8B40-C2630A0BCDA4}.Release|x64.ActiveCfg = Release|Any CPU
		{21DAC305-C3BF-4825-8B40-C2630A0BCDA4}.Release|x64.Build.0 = Release|Any CPU
		{21DAC305-C3BF-4825-8B40-C2630A0BCDA4}.Release|x64.Deploy.0 = Release|Any CPU
		{21DAC305-C3BF-4825-8B40-C2630A0BCDA4}.Release|x86.ActiveCfg = Release|Any CPU
		{21DAC305-C3BF-4825-8B40-C2630A0BCDA4}.Release|x86.Build.0 = Release|Any CPU
		{21DAC305-C3BF-4825-8B40-C2630A0BCDA4}.Release|x86.Deploy.0 = Release|Any CPU
		{47FD55DD-99FD-4E82-942C-7FCE7A8C33A9}.Debug|Any CPU.ActiveCfg = Debug|iPhoneSimulator
		{47FD55DD-99FD-4E82-942C-7FCE7A8C33A9}.Debug|Any CPU.Build.0 = Debug|iPhoneSimulator
		{47FD55DD-99FD-4E82-942C-7FCE7A8C33A9}.Debug|Any CPU.Deploy.0 = Debug|iPhoneSimulator
		{47FD55DD-99FD-4E82-942C-7FCE7A8C33A9}.Debug|ARM.ActiveCfg = Debug|iPhone
		{47FD55DD-99FD-4E82-942C-7FCE7A8C33A9}.Debug|ARM.Build.0 = Debug|iPhone
		{47FD55DD-99FD-4E82-942C-7FCE7A8C33A9}.Debug|ARM.Deploy.0 = Debug|iPhone
		{47FD55DD-99FD-4E82-942C-7FCE7A8C33A9}.Debug|iPhone.ActiveCfg = Debug|iPhone
		{47FD55DD-99FD-4E82-942C-7FCE7A8C33A9}.Debug|iPhone.Build.0 = Debug|iPhone
		{47FD55DD-99FD-4E82-942C-7FCE7A8C33A9}.Debug|iPhone.Deploy.0 = Debug|iPhone
		{47FD55DD-99FD-4E82-942C-7FCE7A8C33A9}.Debug|iPhoneSimulator.ActiveCfg = Debug|iPhoneSimulator
		{47FD55DD-99FD-4E82-942C-7FCE7A8C33A9}.Debug|iPhoneSimulator.Build.0 = Debug|iPhoneSimulator
		{47FD55DD-99FD-4E82-942C-7FCE7A8C33A9}.Debug|iPhoneSimulator.Deploy.0 = Debug|iPhoneSimulator
		{47FD55DD-99FD-4E82-942C-7FCE7A8C33A9}.Debug|x64.ActiveCfg = Debug|iPhoneSimulator
		{47FD55DD-99FD-4E82-942C-7FCE7A8C33A9}.Debug|x64.Build.0 = Debug|iPhoneSimulator
		{47FD55DD-99FD-4E82-942C-7FCE7A8C33A9}.Debug|x64.Deploy.0 = Debug|iPhoneSimulator
		{47FD55DD-99FD-4E82-942C-7FCE7A8C33A9}.Debug|x86.ActiveCfg = Debug|iPhoneSimulator
		{47FD55DD-99FD-4E82-942C-7FCE7A8C33A9}.Debug|x86.Build.0 = Debug|iPhoneSimulator
		{47FD55DD-99FD-4E82-942C-7FCE7A8C33A9}.Debug|x86.Deploy.0 = Debug|iPhoneSimulator
		{47FD55DD-99FD-4E82-942C-7FCE7A8C33A9}.Release|Any CPU.ActiveCfg = Release|iPhoneSimulator
		{47FD55DD-99FD-4E82-942C-7FCE7A8C33A9}.Release|Any CPU.Build.0 = Release|iPhoneSimulator
		{47FD55DD-99FD-4E82-942C-7FCE7A8C33A9}.Release|Any CPU.Deploy.0 = Release|iPhoneSimulator
		{47FD55DD-99FD-4E82-942C-7FCE7A8C33A9}.Release|ARM.ActiveCfg = Release|iPhoneSimulator
		{47FD55DD-99FD-4E82-942C-7FCE7A8C33A9}.Release|ARM.Build.0 = Release|iPhoneSimulator
		{47FD55DD-99FD-4E82-942C-7FCE7A8C33A9}.Release|ARM.Deploy.0 = Release|iPhoneSimulator
		{47FD55DD-99FD-4E82-942C-7FCE7A8C33A9}.Release|iPhone.ActiveCfg = Release|iPhone
		{47FD55DD-99FD-4E82-942C-7FCE7A8C33A9}.Release|iPhone.Build.0 = Release|iPhone
		{47FD55DD-99FD-4E82-942C-7FCE7A8C33A9}.Release|iPhone.Deploy.0 = Release|iPhone
		{47FD55DD-99FD-4E82-942C-7FCE7A8C33A9}.Release|iPhoneSimulator.ActiveCfg = Release|iPhoneSimulator
		{47FD55DD-99FD-4E82-942C-7FCE7A8C33A9}.Release|iPhoneSimulator.Build.0 = Release|iPhoneSimulator
		{47FD55DD-99FD-4E82-942C-7FCE7A8C33A9}.Release|iPhoneSimulator.Deploy.0 = Release|iPhoneSimulator
		{47FD55DD-99FD-4E82-942C-7FCE7A8C33A9}.Release|x64.ActiveCfg = Release|iPhoneSimulator
		{47FD55DD-99FD-4E82-942C-7FCE7A8C33A9}.Release|x64.Build.0 = Release|iPhoneSimulator
		{47FD55DD-99FD-4E82-942C-7FCE7A8C33A9}.Release|x64.Deploy.0 = Release|iPhoneSimulator
		{47FD55DD-99FD-4E82-942C-7FCE7A8C33A9}.Release|x86.ActiveCfg = Release|iPhoneSimulator
		{47FD55DD-99FD-4E82-942C-7FCE7A8C33A9}.Release|x86.Build.0 = Release|iPhoneSimulator
		{47FD55DD-99FD-4E82-942C-7FCE7A8C33A9}.Release|x86.Deploy.0 = Release|iPhoneSimulator
		{7F0F554C-D328-4C39-BD5D-2C387FE2DEEE}.Debug|Any CPU.ActiveCfg = Debug|Any CPU
		{7F0F554C-D328-4C39-BD5D-2C387FE2DEEE}.Debug|Any CPU.Build.0 = Debug|Any CPU
		{7F0F554C-D328-4C39-BD5D-2C387FE2DEEE}.Debug|Any CPU.Deploy.0 = Debug|Any CPU
		{7F0F554C-D328-4C39-BD5D-2C387FE2DEEE}.Debug|ARM.ActiveCfg = Debug|Any CPU
		{7F0F554C-D328-4C39-BD5D-2C387FE2DEEE}.Debug|ARM.Build.0 = Debug|Any CPU
		{7F0F554C-D328-4C39-BD5D-2C387FE2DEEE}.Debug|ARM.Deploy.0 = Debug|Any CPU
		{7F0F554C-D328-4C39-BD5D-2C387FE2DEEE}.Debug|iPhone.ActiveCfg = Debug|Any CPU
		{7F0F554C-D328-4C39-BD5D-2C387FE2DEEE}.Debug|iPhone.Build.0 = Debug|Any CPU
		{7F0F554C-D328-4C39-BD5D-2C387FE2DEEE}.Debug|iPhone.Deploy.0 = Debug|Any CPU
		{7F0F554C-D328-4C39-BD5D-2C387FE2DEEE}.Debug|iPhoneSimulator.ActiveCfg = Debug|Any CPU
		{7F0F554C-D328-4C39-BD5D-2C387FE2DEEE}.Debug|iPhoneSimulator.Build.0 = Debug|Any CPU
		{7F0F554C-D328-4C39-BD5D-2C387FE2DEEE}.Debug|iPhoneSimulator.Deploy.0 = Debug|Any CPU
		{7F0F554C-D328-4C39-BD5D-2C387FE2DEEE}.Debug|x64.ActiveCfg = Debug|Any CPU
		{7F0F554C-D328-4C39-BD5D-2C387FE2DEEE}.Debug|x64.Build.0 = Debug|Any CPU
		{7F0F554C-D328-4C39-BD5D-2C387FE2DEEE}.Debug|x64.Deploy.0 = Debug|Any CPU
		{7F0F554C-D328-4C39-BD5D-2C387FE2DEEE}.Debug|x86.ActiveCfg = Debug|Any CPU
		{7F0F554C-D328-4C39-BD5D-2C387FE2DEEE}.Debug|x86.Build.0 = Debug|Any CPU
		{7F0F554C-D328-4C39-BD5D-2C387FE2DEEE}.Debug|x86.Deploy.0 = Debug|Any CPU
		{7F0F554C-D328-4C39-BD5D-2C387FE2DEEE}.Release|Any CPU.ActiveCfg = Release|Any CPU
		{7F0F554C-D328-4C39-BD5D-2C387FE2DEEE}.Release|Any CPU.Build.0 = Release|Any CPU
		{7F0F554C-D328-4C39-BD5D-2C387FE2DEEE}.Release|Any CPU.Deploy.0 = Release|Any CPU
		{7F0F554C-D328-4C39-BD5D-2C387FE2DEEE}.Release|ARM.ActiveCfg = Release|Any CPU
		{7F0F554C-D328-4C39-BD5D-2C387FE2DEEE}.Release|ARM.Build.0 = Release|Any CPU
		{7F0F554C-D328-4C39-BD5D-2C387FE2DEEE}.Release|ARM.Deploy.0 = Release|Any CPU
		{7F0F554C-D328-4C39-BD5D-2C387FE2DEEE}.Release|iPhone.ActiveCfg = Release|Any CPU
		{7F0F554C-D328-4C39-BD5D-2C387FE2DEEE}.Release|iPhone.Build.0 = Release|Any CPU
		{7F0F554C-D328-4C39-BD5D-2C387FE2DEEE}.Release|iPhone.Deploy.0 = Release|Any CPU
		{7F0F554C-D328-4C39-BD5D-2C387FE2DEEE}.Release|iPhoneSimulator.ActiveCfg = Release|Any CPU
		{7F0F554C-D328-4C39-BD5D-2C387FE2DEEE}.Release|iPhoneSimulator.Build.0 = Release|Any CPU
		{7F0F554C-D328-4C39-BD5D-2C387FE2DEEE}.Release|iPhoneSimulator.Deploy.0 = Release|Any CPU
		{7F0F554C-D328-4C39-BD5D-2C387FE2DEEE}.Release|x64.ActiveCfg = Release|Any CPU
		{7F0F554C-D328-4C39-BD5D-2C387FE2DEEE}.Release|x64.Build.0 = Release|Any CPU
		{7F0F554C-D328-4C39-BD5D-2C387FE2DEEE}.Release|x64.Deploy.0 = Release|Any CPU
		{7F0F554C-D328-4C39-BD5D-2C387FE2DEEE}.Release|x86.ActiveCfg = Release|Any CPU
		{7F0F554C-D328-4C39-BD5D-2C387FE2DEEE}.Release|x86.Build.0 = Release|Any CPU
		{7F0F554C-D328-4C39-BD5D-2C387FE2DEEE}.Release|x86.Deploy.0 = Release|Any CPU
	EndGlobalSection
	GlobalSection(SolutionProperties) = preSolution
		HideSolutionNode = FALSE
	EndGlobalSection
	GlobalSection(ExtensibilityGlobals) = postSolution
		SolutionGuid = {CCB7FC7A-20A9-4D6A-B161-AD257C7CE56D}
	EndGlobalSection
EndGlobal
